
Microsoft Visual Studio Solution File, Format Version 10.00
# Visual Studio 2008
Project("{8BC9CEB8-8B4A-11D0-8D11-00A0C91BC942}") = "de_test", "de_test\de_test.vcproj", "{7AC4434E-D141-41DB-9BCF-BFD8022CFE9D}"
EndProject
Project("{8BC9CEB8-8B4A-11D0-8D11-00A0C91BC942}") = "differentialevolution", "differentialevolution\differentialevolution.vcproj", "{DE8BB280-601B-419E-8674-A9FD078502A7}"
EndProject
Global
	GlobalSection(SourceCodeControl) = preSolution
		SccNumberOfProjects = 2
		SccLocalPath0 = .
		CanCheckoutShared = true
		SccProjectUniqueName1 = de_test\\de_test.vcproj
		SccLocalPath1 = de_test
		CanCheckoutShared = true
	EndGlobalSection
	GlobalSection(SolutionConfigurationPlatforms) = preSolution
		Debug|Win32 = Debug|Win32
		Release|Win32 = Release|Win32
	EndGlobalSection
	GlobalSection(ProjectConfigurationPlatforms) = postSolution
		{7AC4434E-D141-41DB-9BCF-BFD8022CFE9D}.Debug|Win32.ActiveCfg = Debug|Win32
		{7AC4434E-D141-41DB-9BCF-BFD8022CFE9D}.Debug|Win32.Build.0 = Debug|Win32
		{7AC4434E-D141-41DB-9BCF-BFD8022CFE9D}.Release|Win32.ActiveCfg = Release|Win32
		{7AC4434E-D141-41DB-9BCF-BFD8022CFE9D}.Release|Win32.Build.0 = Release|Win32
		{DE8BB280-601B-419E-8674-A9FD078502A7}.Debug|Win32.ActiveCfg = Debug|Win32
		{DE8BB280-601B-419E-8674-A9FD078502A7}.Debug|Win32.Build.0 = Debug|Win32
		{DE8BB280-601B-419E-8674-A9FD078502A7}.Release|Win32.ActiveCfg = Release|Win32
		{DE8BB280-601B-419E-8674-A9FD078502A7}.Release|Win32.Build.0 = Release|Win32
	EndGlobalSection
	GlobalSection(SolutionProperties) = preSolution
		HideSolutionNode = FALSE
	EndGlobalSection
EndGlobal
